
Microsoft Visual Studio Solution File, Format Version 12.00
# Visual Studio 15
VisualStudioVersion = 15.0.28307.136
MinimumVisualStudioVersion = 10.0.40219.1
Project("{FAE04EC0-301F-11D3-BF4B-00C04F79EFBC}") = "WpfApp1", "WpfApp1\WpfApp1.csproj", "{B59D76CD-14EC-4F99-9ACC-2EF73DF72EFA}"
EndProject
Global
	GlobalSection(SolutionConfigurationPlatforms) = preSolution
		Debug|Any CPU = Debug|Any CPU
		Release|Any CPU = Release|Any CPU
	EndGlobalSection
	GlobalSection(ProjectConfigurationPlatforms) = postSolution
		{B59D76CD-14EC-4F99-9ACC-2EF73DF72EFA}.Debug|Any CPU.ActiveCfg = Debug|Any CPU
		{B59D76CD-14EC-4F99-9ACC-2EF73DF72EFA}.Debug|Any CPU.Build.0 = Debug|Any CPU
		{B59D76CD-14EC-4F99-9ACC-2EF73DF72EFA}.Release|Any CPU.ActiveCfg = Release|Any CPU
		{B59D76CD-14EC-4F99-9ACC-2EF73DF72EFA}.Release|Any CPU.Build.0 = Release|Any CPU
	EndGlobalSection
	GlobalSection(SolutionProperties) = preSolution
		HideSolutionNode = FALSE
	EndGlobalSection
	GlobalSection(ExtensibilityGlobals) = postSolution
		SolutionGuid = {8F9A3745-7722-4803-B31F-AEE7561A56A5}
	EndGlobalSection
EndGlobal
